{
  "nodes": {
    "nixCats": {
      "locked": {
        "lastModified": 1759730664,
        "narHash": "sha256-boRlBQ/c4CaHsK/z04QL6+t81mcar37Io94HBX2GflY=",
        "owner": "BirdeeHub",
        "repo": "nixCats-nvim",
        "rev": "77dffad8235eb77684fcb7599487c8e9f23d5b8f",
        "type": "github"
      },
      "original": {
        "owner": "BirdeeHub",
        "repo": "nixCats-nvim",
        "type": "github"
      }
    },
    "nixpkgs": {
      "locked": {
        "lastModified": 1760164275,
        "narHash": "sha256-gKl2Gtro/LNf8P+4L3S2RsZ0G390ccd5MyXYrTdMCFE=",
        "owner": "nixos",
        "repo": "nixpkgs",
        "rev": "362791944032cb532aabbeed7887a441496d5e6e",
        "type": "github"
      },
      "original": {
        "owner": "nixos",
        "ref": "nixpkgs-unstable",
        "repo": "nixpkgs",
        "type": "github"
      }
    },
    "plugins-flexoki-nvim": {
      "flake": false,
      "locked": {
        "lastModified": 1743635018,
        "narHash": "sha256-vjjAulQVFS+OmpWzLkliqpan3GXlvatdaCnI96bjxC0=",
        "owner": "nuvic",
        "repo": "flexoki-nvim",
        "rev": "079554c242a86be5d1a95598c7c6368d6eedd7a3",
        "type": "github"
      },
      "original": {
        "owner": "nuvic",
        "repo": "flexoki-nvim",
        "type": "github"
      }
    },
    "plugins-ts-error-translator-nvim": {
      "flake": false,
      "locked": {
        "lastModified": 1731721659,
        "narHash": "sha256-fi68jJVNTL2WlTehcl5Q8tijAeu2usjIsWXjcuixkCM=",
        "owner": "dmmulroy",
        "repo": "ts-error-translator.nvim",
        "rev": "47e5ba89f71b9e6c72eaaaaa519dd59bd6897df4",
        "type": "github"
      },
      "original": {
        "owner": "dmmulroy",
        "repo": "ts-error-translator.nvim",
        "type": "github"
      }
    },
    "root": {
      "inputs": {
        "nixCats": "nixCats",
        "nixpkgs": "nixpkgs",
        "plugins-flexoki-nvim": "plugins-flexoki-nvim",
        "plugins-ts-error-translator-nvim": "plugins-ts-error-translator-nvim"
      }
    }
  },
  "root": "root",
  "version": 7
}
